Microsoft Visual Studio Solution File, Format Version 12.00
# Visual Studio Version 17
VisualStudioVersion = 17.0.31903.59
MinimumVisualStudioVersion = 10.0.40219.1
Project("{FAE04EC0-301F-11D3-BF4B-00C04F79EFBC}") = "RealtimeDemo.Api", "src\RealtimeDemo.Api\RealtimeDemo.Api.csproj", "{8E5C5888-30D2-4D73-BD31-51E0A7BC56F0}"
EndProject
Project("{FAE04EC0-301F-11D3-BF4B-00C04F79EFBC}") = "RealtimeDemo.Api.Tests", "tests\RealtimeDemo.Api.Tests\RealtimeDemo.Api.Tests.csproj", "{F9A12B97-90A4-4BF1-A9D2-D21447D7FD5A}"
EndProject
Global
	GlobalSection(SolutionConfigurationPlatforms) = preSolution
		Debug|Any CPU = Debug|Any CPU
		Release|Any CPU = Release|Any CPU
	EndGlobalSection
	GlobalSection(ProjectConfigurationPlatforms) = postSolution
		{8E5C5888-30D2-4D73-BD31-51E0A7BC56F0}.Debug|Any CPU.ActiveCfg = Debug|Any CPU
		{8E5C5888-30D2-4D73-BD31-51E0A7BC56F0}.Debug|Any CPU.Build.0 = Debug|Any CPU
		{8E5C5888-30D2-4D73-BD31-51E0A7BC56F0}.Release|Any CPU.ActiveCfg = Release|Any CPU
		{8E5C5888-30D2-4D73-BD31-51E0A7BC56F0}.Release|Any CPU.Build.0 = Release|Any CPU
		{F9A12B97-90A4-4BF1-A9D2-D21447D7FD5A}.Debug|Any CPU.ActiveCfg = Debug|Any CPU
		{F9A12B97-90A4-4BF1-A9D2-D21447D7FD5A}.Debug|Any CPU.Build.0 = Debug|Any CPU
		{F9A12B97-90A4-4BF1-A9D2-D21447D7FD5A}.Release|Any CPU.ActiveCfg = Release|Any CPU
		{F9A12B97-90A4-4BF1-A9D2-D21447D7FD5A}.Release|Any CPU.Build.0 = Release|Any CPU
	EndGlobalSection
	GlobalSection(SolutionProperties) = preSolution
		HideSolutionNode = FALSE
	EndGlobalSection
	GlobalSection(ExtensibilityGlobals) = postSolution
		SolutionGuid = {5C80A960-566B-497C-89C8-881C5EA7A6FB}
	EndGlobalSection
EndGlobal
